
Microsoft Visual Studio Solution File, Format Version 12.00
# Visual Studio Version 17
VisualStudioVersion = 17.9.34728.123
MinimumVisualStudioVersion = 10.0.40219.1
Project("{FAE04EC0-301F-11D3-BF4B-00C04F79EFBC}") = "eTickets", "eTickets\eTickets.csproj", "{500FA5B0-3796-4211-BC87-640E53162C47}"
EndProject
Global
	GlobalSection(SolutionConfigurationPlatforms) = preSolution
		Debug|Any CPU = Debug|Any CPU
		Release|Any CPU = Release|Any CPU
	EndGlobalSection
	GlobalSection(ProjectConfigurationPlatforms) = postSolution
		{500FA5B0-3796-4211-BC87-640E53162C47}.Debug|Any CPU.ActiveCfg = Debug|Any CPU
		{500FA5B0-3796-4211-BC87-640E53162C47}.Debug|Any CPU.Build.0 = Debug|Any CPU
		{500FA5B0-3796-4211-BC87-640E53162C47}.Release|Any CPU.ActiveCfg = Release|Any CPU
		{500FA5B0-3796-4211-BC87-640E53162C47}.Release|Any CPU.Build.0 = Release|Any CPU
	EndGlobalSection
	GlobalSection(SolutionProperties) = preSolution
		HideSolutionNode = FALSE
	EndGlobalSection
	GlobalSection(ExtensibilityGlobals) = postSolution
		SolutionGuid = {CF83592F-0A91-4A9F-9CA0-F9E2C9B10F36}
	EndGlobalSection
EndGlobal
